{
  "name": "ipwhoami-api",
  "version": "1.0.0",
  "lockfileVersion": 3,
  "requires": true,
  "packages": {
    "": {
      "name": "ipwhoami-api",
      "version": "1.0.0",
      "dependencies": {
        "@hono/node-server": "^1.14.0",
        "hono": "^4.7.0",
        "maxmind": "^4.3.0"
      },
      "engines": {
        "node": ">=18.0.0"
      }
    },
    "node_modules/@hono/node-server": {
      "version": "1.19.12",
      "resolved": "https://registry.npmjs.org/@hono/node-server/-/node-server-1.19.12.tgz",
      "integrity": "sha512-txsUW4SQ1iilgE0l9/e9VQWmELXifEFvmdA1j6WFh/aFPj99hIntrSsq/if0UWyGVkmrRPKA1wCeP+UCr1B9Uw==",
      "license": "MIT",
      "engines": {
        "node": ">=18.14.1"
      },
      "peerDependencies": {
        "hono": "^4"
      }
    },
    "node_modules/hono": {
      "version": "4.12.9",
      "resolved": "https://registry.npmjs.org/hono/-/hono-4.12.9.tgz",
      "integrity": "sha512-wy3T8Zm2bsEvxKZM5w21VdHDDcwVS1yUFFY6i8UobSsKfFceT7TOwhbhfKsDyx7tYQlmRM5FLpIuYvNFyjctiA==",
      "license": "MIT",
      "engines": {
        "node": ">=16.9.0"
      }
    },
    "node_modules/maxmind": {
      "version": "4.3.29",
      "resolved": "https://registry.npmjs.org/maxmind/-/maxmind-4.3.29.tgz",
      "integrity": "sha512-Vxx0rh7omBekjZnsDxpw35SrGGM3Uy7NoIKWzZlvh3UcjihGaySR8n+YSQ8YBseCvhEn+yehA98rZkTDW+uhPw==",
      "license": "MIT",
      "dependencies": {
        "mmdb-lib": "2.2.1",
        "tiny-lru": "11.3.4"
      },
      "engines": {
        "node": ">=12",
        "npm": ">=6"
      }
    },
    "node_modules/mmdb-lib": {
      "version": "2.2.1",
      "resolved": "https://registry.npmjs.org/mmdb-lib/-/mmdb-lib-2.2.1.tgz",
      "integrity": "sha512-DXO4L9W+08T+A7h5+xdT32l7IMot8z7WOH+7C1Maol571PnktQ8un7Ni4CyPFp4H+vht/FDA5/tpjRvWMFQDMw==",
      "license": "MIT",
      "engines": {
        "node": ">=10",
        "npm": ">=6"
      }
    },
    "node_modules/tiny-lru": {
      "version": "11.3.4",
      "resolved": "https://registry.npmjs.org/tiny-lru/-/tiny-lru-11.3.4.tgz",
      "integrity": "sha512-UxWEfRKpFCabAf6fkTNdlfSw/RDUJ/4C6i1aLZaDnGF82PERHyYhz5CMCVYXtLt34LbqgfpJ2bjmgGKgxuF/6A==",
      "license": "BSD-3-Clause",
      "engines": {
        "node": ">=12"
      }
    }
  }
}
